
Microsoft Visual Studio Solution File, Format Version 12.00
# Visual Studio Version 16
VisualStudioVersion = 16.0.29728.190
MinimumVisualStudioVersion = 10.0.40219.1
Project("{FAE04EC0-301F-11D3-BF4B-00C04F79EFBC}") = "Drevo", "Drevo.csproj", "{467C788E-DF91-4B0E-AC17-2F0C0B8F8031}"
EndProject
Global
	GlobalSection(SolutionConfigurationPlatforms) = preSolution
		Debug|Any CPU = Debug|Any CPU
		Release|Any CPU = Release|Any CPU
	EndGlobalSection
	GlobalSection(ProjectConfigurationPlatforms) = postSolution
		{467C788E-DF91-4B0E-AC17-2F0C0B8F8031}.Debug|Any CPU.ActiveCfg = Debug|Any CPU
		{467C788E-DF91-4B0E-AC17-2F0C0B8F8031}.Debug|Any CPU.Build.0 = Debug|Any CPU
		{467C788E-DF91-4B0E-AC17-2F0C0B8F8031}.Release|Any CPU.ActiveCfg = Release|Any CPU
		{467C788E-DF91-4B0E-AC17-2F0C0B8F8031}.Release|Any CPU.Build.0 = Release|Any CPU
	EndGlobalSection
	GlobalSection(SolutionProperties) = preSolution
		HideSolutionNode = FALSE
	EndGlobalSection
	GlobalSection(ExtensibilityGlobals) = postSolution
		SolutionGuid = {F6C10D8F-756A-405B-A8AE-29A7A5431827}
	EndGlobalSection
EndGlobal
